// !$*UTF8*$!
{
	archiveVersion = 1;
	classes = {
	};
	objectVersion = 50;
	objects = {

/* Begin PBXBuildFile section */
		7CE7440E22123A950087624C /* AppDelegate.swift in Sources */ = {isa = PBXBuildFile; fileRef = 7CE7440D22123A950087624C /* AppDelegate.swift */; };
		7CE7441022123A950087624C /* ViewController.swift in Sources */ = {isa = PBXBuildFile; fileRef = 7CE7440F22123A950087624C /* ViewController.swift */; };
		7CE7441322123A950087624C /* Main.storyboard in Resources */ = {isa = PBXBuildFile; fileRef = 7CE7441122123A950087624C /* Main.storyboard */; };
		7CE7441522123A970087624C /* Assets.xcassets in Resources */ = {isa = PBXBuildFile; fileRef = 7CE7441422123A970087624C /* Assets.xcassets */; };
		7CE7441822123A970087624C /* LaunchScreen.storyboard in Resources */ = {isa = PBXBuildFile; fileRef = 7CE7441622123A970087624C /* LaunchScreen.storyboard */; };
		7CE74423221250340087624C /* CircleButton.swift in Sources */ = {isa = PBXBuildFile; fileRef = 7CE74422221250340087624C /* CircleButton.swift */; };
		7CE74426221269F20087624C /* test.m4a in Resources */ = {isa = PBXBuildFile; fileRef = 7CE74425221269F20087624C /* test.m4a */; };
/* End PBXBuildFile section */

/* Begin PBXFileReference section */
		7CE7440A22123A950087624C /* Scripe.app */ = {isa = PBXFileReference; explicitFileType = wrapper.application; includeInIndex = 0; path = Scripe.app; sourceTree = BUILT_PRODUCTS_DIR; };
		7CE7440D22123A950087624C /* AppDelegate.swift */ = {isa = PBXFileReference; lastKnownFileType = sourcecode.swift; path = AppDelegate.swift; sourceTree = "<group>"; };
		7CE7440F22123A950087624C /* ViewController.swift */ = {isa = PBXFileReference; lastKnownFileType = sourcecode.swift; path = ViewController.swift; sourceTree = "<group>"; };
		7CE7441222123A950087624C /* Base */ = {isa = PBXFileReference; lastKnownFileType = file.storyboard; name = Base; path = Base.lproj/Main.storyboard; sourceTree = "<group>"; };
		7CE7441422123A970087624C /* Assets.xcassets */ = {isa = PBXFileReference; lastKnownFileType = folder.assetcatalog; path = Assets.xcassets; sourceTree = "<group>"; };
		7CE7441722123A970087624C /* Base */ = {isa = PBXFileReference; lastKnownFileType = file.storyboard; name = Base; path = Base.lproj/LaunchScreen.storyboard; sourceTree = "<group>"; };
		7CE7441922123A970087624C /* Info.plist */ = {isa = PBXFileReference; lastKnownFileType = text.plist.xml; path = Info.plist; sourceTree = "<group>"; };
		7CE74422221250340087624C /* CircleButton.swift */ = {isa = PBXFileReference; lastKnownFileType = sourcecode.swift; path = CircleButton.swift; sourceTree = "<group>"; };
		7CE74425221269F20087624C /* test.m4a */ = {isa = PBXFileReference; lastKnownFileType = file; path = test.m4a; sourceTree = "<group>"; };
/* End PBXFileReference section */

/* Begin PBXFrameworksBuildPhase section */
		7CE7440722123A950087624C /* Frameworks */ = {
			isa = PBXFrameworksBuildPhase;
			buildActionMask = 2147483647;
			files = (
			);
			runOnlyForDeploymentPostprocessing = 0;
		};
/* End PBXFrameworksBuildPhase section */

/* Begin PBXGroup section */
		7CE7440122123A950087624C = {
			isa = PBXGroup;
			children = (
				7CE7440C22123A950087624C /* Scripe */,
				7CE7440B22123A950087624C /* Products */,
			);
			sourceTree = "<group>";
		};
		7CE7440B22123A950087624C /* Products */ = {
			isa = PBXGroup;
			children = (
				7CE7440A22123A950087624C /* Scripe.app */,
			);
			name = Products;
			sourceTree = "<group>";
		};
		7CE7440C22123A950087624C /* Scripe */ = {
			isa = PBXGroup;
			children = (
				7CE74424221269E10087624C /* Resources */,
				7CE7442122124FE30087624C /* Model */,
				7CE7442022124FD90087624C /* View */,
				7CE7441F22124FC60087624C /* Controller */,
				7CE7441422123A970087624C /* Assets.xcassets */,
				7CE7441922123A970087624C /* Info.plist */,
			);
			path = Scripe;
			sourceTree = "<group>";
		};
		7CE7441F22124FC60087624C /* Controller */ = {
			isa = PBXGroup;
			children = (
				7CE7440D22123A950087624C /* AppDelegate.swift */,
				7CE7440F22123A950087624C /* ViewController.swift */,
			);
			path = Controller;
			sourceTree = "<group>";
		};
		7CE7442022124FD90087624C /* View */ = {
			isa = PBXGroup;
			children = (
				7CE7441122123A950087624C /* Main.storyboard */,
				7CE74422221250340087624C /* CircleButton.swift */,
				7CE7441622123A970087624C /* LaunchScreen.storyboard */,
			);
			path = View;
			sourceTree = "<group>";
		};
		7CE7442122124FE30087624C /* Model */ = {
			isa = PBXGroup;
			children = (
			);
			path = Model;
			sourceTree = "<group>";
		};
		7CE74424221269E10087624C /* Resources */ = {
			isa = PBXGroup;
			children = (
				7CE74425221269F20087624C /* test.m4a */,
			);
			path = Resources;
			sourceTree = "<group>";
		};
/* End PBXGroup section */

/* Begin PBXNativeTarget section */
		7CE7440922123A950087624C /* Scripe */ = {
			isa = PBXNativeTarget;
			buildConfigurationList = 7CE7441C22123A970087624C /* Build configuration list for PBXNativeTarget "Scripe" */;
			buildPhases = (
				7CE7440622123A950087624C /* Sources */,
				7CE7440722123A950087624C /* Frameworks */,
				7CE7440822123A950087624C /* Resources */,
			);
			buildRules = (
			);
			dependencies = (
			);
			name = Scripe;
			productName = Scripe;
			productReference = 7CE7440A22123A950087624C /* Scripe.app */;
			productType = "com.apple.product-type.application";
		};
/* End PBXNativeTarget section */

/* Begin PBXProject section */
		7CE7440222123A950087624C /* Project object */ = {
			isa = PBXProject;
			attributes = {
				LastSwiftUpdateCheck = 1010;
				LastUpgradeCheck = 1010;
				ORGANIZATIONNAME = "Khaled Bohout";
				TargetAttributes = {
					7CE7440922123A950087624C = {
						CreatedOnToolsVersion = 10.1;
						LastSwiftMigration = 1020;
					};
				};
			};
			buildConfigurationList = 7CE7440522123A950087624C /* Build configuration list for PBXProject "Scripe" */;
			compatibilityVersion = "Xcode 9.3";
			developmentRegion = en;
			hasScannedForEncodings = 0;
			knownRegions = (
				en,
				Base,
			);
			mainGroup = 7CE7440122123A950087624C;
			productRefGroup = 7CE7440B22123A950087624C /* Products */;
			projectDirPath = "";
			projectRoot = "";
			targets = (
				7CE7440922123A950087624C /* Scripe */,
			);
		};
/* End PBXProject section */

/* Begin PBXResourcesBuildPhase section */
		7CE7440822123A950087624C /* Resources */ = {
			isa = PBXResourcesBuildPhase;
			buildActionMask = 2147483647;
			files = (
				7CE74426221269F20087624C /* test.m4a in Resources */,
				7CE7441822123A970087624C /* LaunchScreen.storyboard in Resources */,
				7CE7441522123A970087624C /* Assets.xcassets in Resources */,
				7CE7441322123A950087624C /* Main.storyboard in Resources */,
			);
			runOnlyForDeploymentPostprocessing = 0;
		};
/* End PBXResourcesBuildPhase section */

/* Begin PBXSourcesBuildPhase section */
		7CE7440622123A950087624C /* Sources */ = {
			isa = PBXSourcesBuildPhase;
			buildActionMask = 2147483647;
			files = (
				7CE74423221250340087624C /* CircleButton.swift in Sources */,
				7CE7441022123A950087624C /* ViewController.swift in Sources */,
				7CE7440E22123A950087624C /* AppDelegate.swift in Sources */,
			);
			runOnlyForDeploymentPostprocessing = 0;
		};
/* End PBXSourcesBuildPhase section */

/* Begin PBXVariantGroup section */
		7CE7441122123A950087624C /* Main.storyboard */ = {
			isa = PBXVariantGroup;
			children = (
				7CE7441222123A950087624C /* Base */,
			);
			name = Main.storyboard;
			sourceTree = "<group>";
		};
		7CE7441622123A970087624C /* LaunchScreen.storyboard */ = {
			isa = PBXVariantGroup;
			children = (
				7CE7441722123A970087624C /* Base */,
			);
			name = LaunchScreen.storyboard;
			sourceTree = "<group>";
		};
/* End PBXVariantGroup section */

/* Begin XCBuildConfiguration section */
		7CE7441A22123A970087624C /* Debug */ = {
			isa = XCBuildConfiguration;
			buildSettings = {
				ALWAYS_SEARCH_USER_PATHS = NO;
				CLANG_ANALYZER_NONNULL = YES;
				CLANG_ANALYZER_NUMBER_OBJECT_CONVERSION = YES_AGGRESSIVE;
				CLANG_CXX_LANGUAGE_STANDARD = "gnu++14";
				CLANG_CXX_LIBRARY = "libc++";
				CLANG_ENABLE_MODULES = YES;
				CLANG_ENABLE_OBJC_ARC = YES;
				CLANG_ENABLE_OBJC_WEAK = YES;
				CLANG_WARN_BLOCK_CAPTURE_AUTORELEASING = YES;
				CLANG_WARN_BOOL_CONVERSION = YES;
				CLANG_WARN_COMMA = YES;
				CLANG_WARN_CONSTANT_CONVERSION = YES;
				CLANG_WARN_DEPRECATED_OBJC_IMPLEMENTATIONS = YES;
				CLANG_WARN_DIRECT_OBJC_ISA_USAGE = YES_ERROR;
				CLANG_WARN_DOCUMENTATION_COMMENTS = YES;
				CLANG_WARN_EMPTY_BODY = YES;
				CLANG_WARN_ENUM_CONVERSION = YES;
				CLANG_WARN_INFINITE_RECURSION = YES;
				CLANG_WARN_INT_CONVERSION = YES;
				CLANG_WARN_NON_LITERAL_NULL_CONVERSION = YES;
				CLANG_WARN_OBJC_IMPLICIT_RETAIN_SELF = YES;
				CLANG_WARN_OBJC_LITERAL_CONVERSION = YES;
				CLANG_WARN_OBJC_ROOT_CLASS = YES_ERROR;
				CLANG_WARN_RANGE_LOOP_ANALYSIS = YES;
				CLANG_WARN_STRICT_PROTOTYPES = YES;
				CLANG_WARN_SUSPICIOUS_MOVE = YES;
				CLANG_WARN_UNGUARDED_AVAILABILITY = YES_AGGRESSIVE;
				CLANG_WARN_UNREACHABLE_CODE = YES;
				CLANG_WARN__DUPLICATE_METHOD_MATCH = YES;
				CODE_SIGN_IDENTITY = "iPhone Developer";
				COPY_PHASE_STRIP = NO;
				DEBUG_INFORMATION_FORMAT = dwarf;
				ENABLE_STRICT_OBJC_MSGSEND = YES;
				ENABLE_TESTABILITY = YES;
				GCC_C_LANGUAGE_STANDARD = gnu11;
				GCC_DYNAMIC_NO_PIC = NO;
				GCC_NO_COMMON_BLOCKS = YES;
				GCC_OPTIMIZATION_LEVEL = 0;
				GCC_PREPROCESSOR_DEFINITIONS = (
					"DEBUG=1",
					"$(inherited)",
				);
				GCC_WARN_64_TO_32_BIT_CONVERSION = YES;
				GCC_WARN_ABOUT_RETURN_TYPE = YES_ERROR;
				GCC_WARN_UNDECLARED_SELECTOR = YES;
				GCC_WARN_UNINITIALIZED_AUTOS = YES_AGGRESSIVE;
				GCC_WARN_UNUSED_FUNCTION = YES;
				GCC_WARN_UNUSED_VARIABLE = YES;
				IPHONEOS_DEPLOYMENT_TARGET = 12.1;
				MTL_ENABLE_DEBUG_INFO = INCLUDE_SOURCE;
				MTL_FAST_MATH = YES;
				ONLY_ACTIVE_ARCH = YES;
				SDKROOT = iphoneos;
				SWIFT_ACTIVE_COMPILATION_CONDITIONS = DEBUG;
				SWIFT_OPTIMIZATION_LEVEL = "-Onone";
			};
			name = Debug;
		};
		7CE7441B22123A970087624C /* Release */ = {
			isa = XCBuildConfiguration;
			buildSettings = {
				ALWAYS_SEARCH_USER_PATHS = NO;
				CLANG_ANALYZER_NONNULL = YES;
				CLANG_ANALYZER_NUMBER_OBJECT_CONVERSION = YES_AGGRESSIVE;
				CLANG_CXX_LANGUAGE_STANDARD = "gnu++14";
				CLANG_CXX_LIBRARY = "libc++";
				CLANG_ENABLE_MODULES = YES;
				CLANG_ENABLE_OBJC_ARC = YES;
				CLANG_ENABLE_OBJC_WEAK = YES;
				CLANG_WARN_BLOCK_CAPTURE_AUTORELEASING = YES;
				CLANG_WARN_BOOL_CONVERSION = YES;
				CLANG_WARN_COMMA = YES;
				CLANG_WARN_CONSTANT_CONVERSION = YES;
				CLANG_WARN_DEPRECATED_OBJC_IMPLEMENTATIONS = YES;
				CLANG_WARN_DIRECT_OBJC_ISA_USAGE = YES_ERROR;
				CLANG_WARN_DOCUMENTATION_COMMENTS = YES;
				CLANG_WARN_EMPTY_BODY = YES;
				CLANG_WARN_ENUM_CONVERSION = YES;
				CLANG_WARN_INFINITE_RECURSION = YES;
				CLANG_WARN_INT_CONVERSION = YES;
				CLANG_WARN_NON_LITERAL_NULL_CONVERSION = YES;
				CLANG_WARN_OBJC_IMPLICIT_RETAIN_SELF = YES;
				CLANG_WARN_OBJC_LITERAL_CONVERSION = YES;
				CLANG_WARN_OBJC_ROOT_CLASS = YES_ERROR;
				CLANG_WARN_RANGE_LOOP_ANALYSIS = YES;
				CLANG_WARN_STRICT_PROTOTYPES = YES;
				CLANG_WARN_SUSPICIOUS_MOVE = YES;
				CLANG_WARN_UNGUARDED_AVAILABILITY = YES_AGGRESSIVE;
				CLANG_WARN_UNREACHABLE_CODE = YES;
				CLANG_WARN__DUPLICATE_METHOD_MATCH = YES;
				CODE_SIGN_IDENTITY = "iPhone Developer";
				COPY_PHASE_STRIP = NO;
				DEBUG_INFORMATION_FORMAT = "dwarf-with-dsym";
				ENABLE_NS_ASSERTIONS = NO;
				ENABLE_STRICT_OBJC_MSGSEND = YES;
				GCC_C_LANGUAGE_STANDARD = gnu11;
				GCC_NO_COMMON_BLOCKS = YES;
				GCC_WARN_64_TO_32_BIT_CONVERSION = YES;
				GCC_WARN_ABOUT_RETURN_TYPE = YES_ERROR;
				GCC_WARN_UNDECLARED_SELECTOR = YES;
				GCC_WARN_UNINITIALIZED_AUTOS = YES_AGGRESSIVE;
				GCC_WARN_UNUSED_FUNCTION = YES;
				GCC_WARN_UNUSED_VARIABLE = YES;
				IPHONEOS_DEPLOYMENT_TARGET = 12.1;
				MTL_ENABLE_DEBUG_INFO = NO;
				MTL_FAST_MATH = YES;
				SDKROOT = iphoneos;
				SWIFT_COMPILATION_MODE = wholemodule;
				SWIFT_OPTIMIZATION_LEVEL = "-O";
				VALIDATE_PRODUCT = YES;
			};
			name = Release;
		};
		7CE7441D22123A970087624C /* Debug */ = {
			isa = XCBuildConfiguration;
			buildSettings = {
				ASSETCATALOG_COMPILER_APPICON_NAME = AppIcon;
				CODE_SIGN_STYLE = Automatic;
				INFOPLIST_FILE = Scripe/Info.plist;
				LD_RUNPATH_SEARCH_PATHS = (
					"$(inherited)",
					"@executable_path/Frameworks",
				);
				PRODUCT_BUNDLE_IDENTIFIER = khaled.Scripe;
				PRODUCT_NAME = "$(TARGET_NAME)";
				SWIFT_VERSION = 5.0;
				TARGETED_DEVICE_FAMILY = "1,2";
			};
			name = Debug;
		};
		7CE7441E22123A970087624C /* Release */ = {
			isa = XCBuildConfiguration;
			buildSettings = {
				ASSETCATALOG_COMPILER_APPICON_NAME = AppIcon;
				CODE_SIGN_STYLE = Automatic;
				INFOPLIST_FILE = Scripe/Info.plist;
				LD_RUNPATH_SEARCH_PATHS = (
					"$(inherited)",
					"@executable_path/Frameworks",
				);
				PRODUCT_BUNDLE_IDENTIFIER = khaled.Scripe;
				PRODUCT_NAME = "$(TARGET_NAME)";
				SWIFT_VERSION = 5.0;
				TARGETED_DEVICE_FAMILY = "1,2";
			};
			name = Release;
		};
/* End XCBuildConfiguration section */

/* Begin XCConfigurationList section */
		7CE7440522123A950087624C /* Build configuration list for PBXProject "Scripe" */ = {
			isa = XCConfigurationList;
			buildConfigurations = (
				7CE7441A22123A970087624C /* Debug */,
				7CE7441B22123A970087624C /* Release */,
			);
			defaultConfigurationIsVisible = 0;
			defaultConfigurationName = Release;
		};
		7CE7441C22123A970087624C /* Build configuration list for PBXNativeTarget "Scripe" */ = {
			isa = XCConfigurationList;
			buildConfigurations = (
				7CE7441D22123A970087624C /* Debug */,
				7CE7441E22123A970087624C /* Release */,
			);
			defaultConfigurationIsVisible = 0;
			defaultConfigurationName = Release;
		};
/* End XCConfigurationList section */
	};
	rootObject = 7CE7440222123A950087624C /* Project object */;
}
